
Microsoft Visual Studio Solution File, Format Version 12.00
# Visual Studio Version 16
VisualStudioVersion = 16.0.31005.135
MinimumVisualStudioVersion = 10.0.40219.1
Project("{FAE04EC0-301F-11D3-BF4B-00C04F79EFBC}") = "AplWFAExemplo1", "AplWFAExemplo1\AplWFAExemplo1.csproj", "{0A165C9A-DCF1-44BF-BF8E-C1B04D52D21B}"
EndProject
Global
	GlobalSection(SolutionConfigurationPlatforms) = preSolution
		Debug|Any CPU = Debug|Any CPU
		Release|Any CPU = Release|Any CPU
	EndGlobalSection
	GlobalSection(ProjectConfigurationPlatforms) = postSolution
		{0A165C9A-DCF1-44BF-BF8E-C1B04D52D21B}.Debug|Any CPU.ActiveCfg = Debug|Any CPU
		{0A165C9A-DCF1-44BF-BF8E-C1B04D52D21B}.Debug|Any CPU.Build.0 = Debug|Any CPU
		{0A165C9A-DCF1-44BF-BF8E-C1B04D52D21B}.Release|Any CPU.ActiveCfg = Release|Any CPU
		{0A165C9A-DCF1-44BF-BF8E-C1B04D52D21B}.Release|Any CPU.Build.0 = Release|Any CPU
	EndGlobalSection
	GlobalSection(SolutionProperties) = preSolution
		HideSolutionNode = FALSE
	EndGlobalSection
	GlobalSection(ExtensibilityGlobals) = postSolution
		SolutionGuid = {1363D744-8889-4D7F-8453-BFDE9EB396CB}
	EndGlobalSection
EndGlobal
