
Microsoft Visual Studio Solution File, Format Version 12.00
# Visual Studio Version 16
VisualStudioVersion = 16.0.31205.134
MinimumVisualStudioVersion = 10.0.40219.1
Project("{FAE04EC0-301F-11D3-BF4B-00C04F79EFBC}") = "AplWfaOperacoesClass", "AplWfaOperacoesClass\AplWfaOperacoesClass.csproj", "{7D850845-61F5-46F7-9714-5F18778B874B}"
EndProject
Global
	GlobalSection(SolutionConfigurationPlatforms) = preSolution
		Debug|Any CPU = Debug|Any CPU
		Release|Any CPU = Release|Any CPU
	EndGlobalSection
	GlobalSection(ProjectConfigurationPlatforms) = postSolution
		{7D850845-61F5-46F7-9714-5F18778B874B}.Debug|Any CPU.ActiveCfg = Debug|Any CPU
		{7D850845-61F5-46F7-9714-5F18778B874B}.Debug|Any CPU.Build.0 = Debug|Any CPU
		{7D850845-61F5-46F7-9714-5F18778B874B}.Release|Any CPU.ActiveCfg = Release|Any CPU
		{7D850845-61F5-46F7-9714-5F18778B874B}.Release|Any CPU.Build.0 = Release|Any CPU
	EndGlobalSection
	GlobalSection(SolutionProperties) = preSolution
		HideSolutionNode = FALSE
	EndGlobalSection
	GlobalSection(ExtensibilityGlobals) = postSolution
		SolutionGuid = {C9D3B104-F1E8-4BC6-9859-A306D15682BF}
	EndGlobalSection
EndGlobal
