
Microsoft Visual Studio Solution File, Format Version 12.00
# Visual Studio Version 16
VisualStudioVersion = 16.0.31005.135
MinimumVisualStudioVersion = 10.0.40219.1
Project("{FAE04EC0-301F-11D3-BF4B-00C04F79EFBC}") = "AplCslExercicio17", "AplCslExercicio17\AplCslExercicio17.csproj", "{35B90529-AFB5-4342-A9CD-3FD108D26DC3}"
EndProject
Global
	GlobalSection(SolutionConfigurationPlatforms) = preSolution
		Debug|Any CPU = Debug|Any CPU
		Release|Any CPU = Release|Any CPU
	EndGlobalSection
	GlobalSection(ProjectConfigurationPlatforms) = postSolution
		{35B90529-AFB5-4342-A9CD-3FD108D26DC3}.Debug|Any CPU.ActiveCfg = Debug|Any CPU
		{35B90529-AFB5-4342-A9CD-3FD108D26DC3}.Debug|Any CPU.Build.0 = Debug|Any CPU
		{35B90529-AFB5-4342-A9CD-3FD108D26DC3}.Release|Any CPU.ActiveCfg = Release|Any CPU
		{35B90529-AFB5-4342-A9CD-3FD108D26DC3}.Release|Any CPU.Build.0 = Release|Any CPU
	EndGlobalSection
	GlobalSection(SolutionProperties) = preSolution
		HideSolutionNode = FALSE
	EndGlobalSection
	GlobalSection(ExtensibilityGlobals) = postSolution
		SolutionGuid = {758CEE62-D8EA-4FE7-B361-64141EA6786B}
	EndGlobalSection
EndGlobal
